{
  "name": "@shieldsbetter/sberror2",
  "version": "0.0.1",
  "lockfileVersion": 1,
  "requires": true,
  "dependencies": {
    "camel-case": {
      "version": "4.1.1",
      "resolved": "https://registry.npmjs.org/camel-case/-/camel-case-4.1.1.tgz",
      "integrity": "sha512-7fa2WcG4fYFkclIvEmxBbTvmibwF2/agfEBc6q3lOpVu0A13ltLsA+Hr/8Hp6kp5f+G7hKi6t8lys6XxP+1K6Q==",
      "requires": {
        "pascal-case": "^3.1.1",
        "tslib": "^1.10.0"
      }
    },
    "constant-case": {
      "version": "3.0.3",
      "resolved": "https://registry.npmjs.org/constant-case/-/constant-case-3.0.3.tgz",
      "integrity": "sha512-FXtsSnnrFYpzDmvwDGQW+l8XK3GV1coLyBN0eBz16ZUzGaZcT2ANVCJmLeuw2GQgxKHQIe9e0w2dzkSfaRlUmA==",
      "requires": {
        "no-case": "^3.0.3",
        "tslib": "^1.10.0",
        "upper-case": "^2.0.1"
      }
    },
    "lower-case": {
      "version": "2.0.1",
      "resolved": "https://registry.npmjs.org/lower-case/-/lower-case-2.0.1.tgz",
      "integrity": "sha512-LiWgfDLLb1dwbFQZsSglpRj+1ctGnayXz3Uv0/WO8n558JycT5fg6zkNcnW0G68Nn0aEldTFeEfmjCfmqry/rQ==",
      "requires": {
        "tslib": "^1.10.0"
      }
    },
    "mustache": {
      "version": "4.0.1",
      "resolved": "https://registry.npmjs.org/mustache/-/mustache-4.0.1.tgz",
      "integrity": "sha512-yL5VE97+OXn4+Er3THSmTdCFCtx5hHWzrolvH+JObZnUYwuaG7XV+Ch4fR2cIrcYI0tFHxS7iyFYl14bW8y2sA=="
    },
    "no-case": {
      "version": "3.0.3",
      "resolved": "https://registry.npmjs.org/no-case/-/no-case-3.0.3.tgz",
      "integrity": "sha512-ehY/mVQCf9BL0gKfsJBvFJen+1V//U+0HQMPrWct40ixE4jnv0bfvxDbWtAHL9EcaPEOJHVVYKoQn1TlZUB8Tw==",
      "requires": {
        "lower-case": "^2.0.1",
        "tslib": "^1.10.0"
      }
    },
    "pascal-case": {
      "version": "3.1.1",
      "resolved": "https://registry.npmjs.org/pascal-case/-/pascal-case-3.1.1.tgz",
      "integrity": "sha512-XIeHKqIrsquVTQL2crjq3NfJUxmdLasn3TYOU0VBM+UX2a6ztAWBlJQBePLGY7VHW8+2dRadeIPK5+KImwTxQA==",
      "requires": {
        "no-case": "^3.0.3",
        "tslib": "^1.10.0"
      }
    },
    "tslib": {
      "version": "1.14.1",
      "resolved": "https://registry.npmjs.org/tslib/-/tslib-1.14.1.tgz",
      "integrity": "sha512-Xni35NKzjgMrwevysHTCArtLDpPvye8zV/0E4EyYn43P7/7qvQwPh9BGkHewbMulVntbigmcT7rdX3BNo9wRJg=="
    },
    "upper-case": {
      "version": "2.0.1",
      "resolved": "https://registry.npmjs.org/upper-case/-/upper-case-2.0.1.tgz",
      "integrity": "sha512-laAsbea9SY5osxrv7S99vH9xAaJKrw5Qpdh4ENRLcaxipjKsiaBwiAsxfa8X5mObKNTQPsupSq0J/VIxsSJe3A==",
      "requires": {
        "tslib": "^1.10.0"
      }
    }
  }
}
